// !$*UTF8*$!
{
	archiveVersion = 1;
	classes = {
	};
	objectVersion = 50;
	objects = {

/* Begin PBXBuildFile section */
		8982EB282484F82200BCB558 /* main.m in Sources */ = {isa = PBXBuildFile; fileRef = 8982EB272484F82200BCB558 /* main.m */; };
		8982EB362484F92E00BCB558 /* Foundation.framework in Frameworks */ = {isa = PBXBuildFile; fileRef = 8982EB352484F92E00BCB558 /* Foundation.framework */; };
		8982EB3F2484F9B400BCB558 /* ImageUtilities.m in Sources */ = {isa = PBXBuildFile; fileRef = 8982EB3A2484F9B400BCB558 /* ImageUtilities.m */; };
		8982EB402484F9B400BCB558 /* CarUtilities.m in Sources */ = {isa = PBXBuildFile; fileRef = 8982EB3D2484F9B400BCB558 /* CarUtilities.m */; };
		8982EB482484FD6700BCB558 /* CoreUI.framework in Frameworks */ = {isa = PBXBuildFile; fileRef = 8982EB462484FD6700BCB558 /* CoreUI.framework */; };
/* End PBXBuildFile section */

/* Begin PBXCopyFilesBuildPhase section */
		8982EB222484F82200BCB558 /* CopyFiles */ = {
			isa = PBXCopyFilesBuildPhase;
			buildActionMask = 2147483647;
			dstPath = /usr/share/man/man1/;
			dstSubfolderSpec = 0;
			files = (
			);
			runOnlyForDeploymentPostprocessing = 1;
		};
/* End PBXCopyFilesBuildPhase section */

/* Begin PBXFileReference section */
		8982EB242484F82200BCB558 /* CARExtractor */ = {isa = PBXFileReference; explicitFileType = "compiled.mach-o.executable"; includeInIndex = 0; path = CARExtractor; sourceTree = BUILT_PRODUCTS_DIR; };
		8982EB272484F82200BCB558 /* main.m */ = {isa = PBXFileReference; lastKnownFileType = sourcecode.c.objc; path = main.m; sourceTree = "<group>"; };
		8982EB352484F92E00BCB558 /* Foundation.framework */ = {isa = PBXFileReference; lastKnownFileType = wrapper.framework; name = Foundation.framework; path = System/Library/Frameworks/Foundation.framework; sourceTree = SDKROOT; };
		8982EB3A2484F9B400BCB558 /* ImageUtilities.m */ = {isa = PBXFileReference; fileEncoding = 4; lastKnownFileType = sourcecode.c.objc; path = ImageUtilities.m; sourceTree = "<group>"; };
		8982EB3B2484F9B400BCB558 /* CarUtilities.h */ = {isa = PBXFileReference; fileEncoding = 4; lastKnownFileType = sourcecode.c.h; path = CarUtilities.h; sourceTree = "<group>"; };
		8982EB3C2484F9B400BCB558 /* CoreUI.h */ = {isa = PBXFileReference; fileEncoding = 4; lastKnownFileType = sourcecode.c.h; path = CoreUI.h; sourceTree = "<group>"; };
		8982EB3D2484F9B400BCB558 /* CarUtilities.m */ = {isa = PBXFileReference; fileEncoding = 4; lastKnownFileType = sourcecode.c.objc; path = CarUtilities.m; sourceTree = "<group>"; };
		8982EB3E2484F9B400BCB558 /* ImageUtilities.h */ = {isa = PBXFileReference; fileEncoding = 4; lastKnownFileType = sourcecode.c.h; path = ImageUtilities.h; sourceTree = "<group>"; };
		8982EB462484FD6700BCB558 /* CoreUI.framework */ = {isa = PBXFileReference; lastKnownFileType = wrapper.framework; name = CoreUI.framework; path = Platforms/MacOSX.platform/Developer/SDKs/MacOSX10.15.sdk/System/Library/PrivateFrameworks/CoreUI.framework; sourceTree = DEVELOPER_DIR; };
/* End PBXFileReference section */

/* Begin PBXFrameworksBuildPhase section */
		8982EB212484F82200BCB558 /* Frameworks */ = {
			isa = PBXFrameworksBuildPhase;
			buildActionMask = 2147483647;
			files = (
				8982EB362484F92E00BCB558 /* Foundation.framework in Frameworks */,
				8982EB482484FD6700BCB558 /* CoreUI.framework in Frameworks */,
			);
			runOnlyForDeploymentPostprocessing = 0;
		};
/* End PBXFrameworksBuildPhase section */

/* Begin PBXGroup section */
		8982EB1B2484F82200BCB558 = {
			isa = PBXGroup;
			children = (
				8982EB262484F82200BCB558 /* CARExtractor */,
				8982EB252484F82200BCB558 /* Products */,
				8982EB342484F92E00BCB558 /* Frameworks */,
			);
			sourceTree = "<group>";
		};
		8982EB252484F82200BCB558 /* Products */ = {
			isa = PBXGroup;
			children = (
				8982EB242484F82200BCB558 /* CARExtractor */,
			);
			name = Products;
			sourceTree = "<group>";
		};
		8982EB262484F82200BCB558 /* CARExtractor */ = {
			isa = PBXGroup;
			children = (
				8982EB392484F9B400BCB558 /* Common */,
				8982EB272484F82200BCB558 /* main.m */,
			);
			path = CARExtractor;
			sourceTree = "<group>";
		};
		8982EB342484F92E00BCB558 /* Frameworks */ = {
			isa = PBXGroup;
			children = (
				8982EB462484FD6700BCB558 /* CoreUI.framework */,
				8982EB352484F92E00BCB558 /* Foundation.framework */,
			);
			name = Frameworks;
			sourceTree = "<group>";
		};
		8982EB392484F9B400BCB558 /* Common */ = {
			isa = PBXGroup;
			children = (
				8982EB3B2484F9B400BCB558 /* CarUtilities.h */,
				8982EB3D2484F9B400BCB558 /* CarUtilities.m */,
				8982EB3C2484F9B400BCB558 /* CoreUI.h */,
				8982EB3E2484F9B400BCB558 /* ImageUtilities.h */,
				8982EB3A2484F9B400BCB558 /* ImageUtilities.m */,
			);
			name = Common;
			path = QLCARFiles/Common;
			sourceTree = SOURCE_ROOT;
		};
/* End PBXGroup section */

/* Begin PBXNativeTarget section */
		8982EB232484F82200BCB558 /* CARExtractor */ = {
			isa = PBXNativeTarget;
			buildConfigurationList = 8982EB2B2484F82200BCB558 /* Build configuration list for PBXNativeTarget "CARExtractor" */;
			buildPhases = (
				8982EB202484F82200BCB558 /* Sources */,
				8982EB212484F82200BCB558 /* Frameworks */,
				8982EB222484F82200BCB558 /* CopyFiles */,
				8982EB412484FB3400BCB558 /* ShellScript */,
			);
			buildRules = (
			);
			dependencies = (
			);
			name = CARExtractor;
			productName = CARExtractor;
			productReference = 8982EB242484F82200BCB558 /* CARExtractor */;
			productType = "com.apple.product-type.tool";
		};
/* End PBXNativeTarget section */

/* Begin PBXProject section */
		8982EB1C2484F82200BCB558 /* Project object */ = {
			isa = PBXProject;
			attributes = {
				LastUpgradeCheck = 1150;
				ORGANIZATIONNAME = chi;
				TargetAttributes = {
					8982EB232484F82200BCB558 = {
						CreatedOnToolsVersion = 11.5;
					};
				};
			};
			buildConfigurationList = 8982EB1F2484F82200BCB558 /* Build configuration list for PBXProject "CARExtractor" */;
			compatibilityVersion = "Xcode 9.3";
			developmentRegion = en;
			hasScannedForEncodings = 0;
			knownRegions = (
				en,
				Base,
			);
			mainGroup = 8982EB1B2484F82200BCB558;
			productRefGroup = 8982EB252484F82200BCB558 /* Products */;
			projectDirPath = "";
			projectRoot = "";
			targets = (
				8982EB232484F82200BCB558 /* CARExtractor */,
			);
		};
/* End PBXProject section */

/* Begin PBXShellScriptBuildPhase section */
		8982EB412484FB3400BCB558 /* ShellScript */ = {
			isa = PBXShellScriptBuildPhase;
			buildActionMask = 2147483647;
			files = (
			);
			inputFileListPaths = (
			);
			inputPaths = (
			);
			outputFileListPaths = (
			);
			outputPaths = (
			);
			runOnlyForDeploymentPostprocessing = 0;
			shellPath = /bin/sh;
			shellScript = "mkdir -p \"${PROJECT_DIR}/../Products\";\nrm -f \"${PROJECT_DIR}/../Products/${TARGET_NAME}\";\ncp \"${TARGET_BUILD_DIR}/${TARGET_NAME}\" \"${PROJECT_DIR}/../Products/${TARGET_NAME}\"\n";
		};
/* End PBXShellScriptBuildPhase section */

/* Begin PBXSourcesBuildPhase section */
		8982EB202484F82200BCB558 /* Sources */ = {
			isa = PBXSourcesBuildPhase;
			buildActionMask = 2147483647;
			files = (
				8982EB3F2484F9B400BCB558 /* ImageUtilities.m in Sources */,
				8982EB402484F9B400BCB558 /* CarUtilities.m in Sources */,
				8982EB282484F82200BCB558 /* main.m in Sources */,
			);
			runOnlyForDeploymentPostprocessing = 0;
		};
/* End PBXSourcesBuildPhase section */

/* Begin XCBuildConfiguration section */
		8982EB292484F82200BCB558 /* Debug */ = {
			isa = XCBuildConfiguration;
			buildSettings = {
				ALWAYS_SEARCH_USER_PATHS = NO;
				CLANG_ANALYZER_NONNULL = YES;
				CLANG_ANALYZER_NUMBER_OBJECT_CONVERSION = YES_AGGRESSIVE;
				CLANG_CXX_LANGUAGE_STANDARD = "gnu++14";
				CLANG_CXX_LIBRARY = "libc++";
				CLANG_ENABLE_MODULES = YES;
				CLANG_ENABLE_OBJC_ARC = YES;
				CLANG_ENABLE_OBJC_WEAK = YES;
				CLANG_WARN_BLOCK_CAPTURE_AUTORELEASING = YES;
				CLANG_WARN_BOOL_CONVERSION = YES;
				CLANG_WARN_COMMA = YES;
				CLANG_WARN_CONSTANT_CONVERSION = YES;
				CLANG_WARN_DEPRECATED_OBJC_IMPLEMENTATIONS = YES;
				CLANG_WARN_DIRECT_OBJC_ISA_USAGE = YES_ERROR;
				CLANG_WARN_DOCUMENTATION_COMMENTS = YES;
				CLANG_WARN_EMPTY_BODY = YES;
				CLANG_WARN_ENUM_CONVERSION = YES;
				CLANG_WARN_INFINITE_RECURSION = YES;
				CLANG_WARN_INT_CONVERSION = YES;
				CLANG_WARN_NON_LITERAL_NULL_CONVERSION = YES;
				CLANG_WARN_OBJC_IMPLICIT_RETAIN_SELF = YES;
				CLANG_WARN_OBJC_LITERAL_CONVERSION = YES;
				CLANG_WARN_OBJC_ROOT_CLASS = YES_ERROR;
				CLANG_WARN_RANGE_LOOP_ANALYSIS = YES;
				CLANG_WARN_STRICT_PROTOTYPES = YES;
				CLANG_WARN_SUSPICIOUS_MOVE = YES;
				CLANG_WARN_UNGUARDED_AVAILABILITY = YES_AGGRESSIVE;
				CLANG_WARN_UNREACHABLE_CODE = YES;
				CLANG_WARN__DUPLICATE_METHOD_MATCH = YES;
				COPY_PHASE_STRIP = NO;
				DEBUG_INFORMATION_FORMAT = dwarf;
				ENABLE_STRICT_OBJC_MSGSEND = YES;
				ENABLE_TESTABILITY = YES;
				GCC_C_LANGUAGE_STANDARD = gnu11;
				GCC_DYNAMIC_NO_PIC = NO;
				GCC_NO_COMMON_BLOCKS = YES;
				GCC_OPTIMIZATION_LEVEL = 0;
				GCC_PREPROCESSOR_DEFINITIONS = (
					"DEBUG=1",
					"$(inherited)",
				);
				GCC_WARN_64_TO_32_BIT_CONVERSION = YES;
				GCC_WARN_ABOUT_RETURN_TYPE = YES_ERROR;
				GCC_WARN_UNDECLARED_SELECTOR = YES;
				GCC_WARN_UNINITIALIZED_AUTOS = YES_AGGRESSIVE;
				GCC_WARN_UNUSED_FUNCTION = YES;
				GCC_WARN_UNUSED_VARIABLE = YES;
				MACOSX_DEPLOYMENT_TARGET = 10.15;
				MTL_ENABLE_DEBUG_INFO = INCLUDE_SOURCE;
				MTL_FAST_MATH = YES;
				ONLY_ACTIVE_ARCH = YES;
				SDKROOT = macosx;
			};
			name = Debug;
		};
		8982EB2A2484F82200BCB558 /* Release */ = {
			isa = XCBuildConfiguration;
			buildSettings = {
				ALWAYS_SEARCH_USER_PATHS = NO;
				CLANG_ANALYZER_NONNULL = YES;
				CLANG_ANALYZER_NUMBER_OBJECT_CONVERSION = YES_AGGRESSIVE;
				CLANG_CXX_LANGUAGE_STANDARD = "gnu++14";
				CLANG_CXX_LIBRARY = "libc++";
				CLANG_ENABLE_MODULES = YES;
				CLANG_ENABLE_OBJC_ARC = YES;
				CLANG_ENABLE_OBJC_WEAK = YES;
				CLANG_WARN_BLOCK_CAPTURE_AUTORELEASING = YES;
				CLANG_WARN_BOOL_CONVERSION = YES;
				CLANG_WARN_COMMA = YES;
				CLANG_WARN_CONSTANT_CONVERSION = YES;
				CLANG_WARN_DEPRECATED_OBJC_IMPLEMENTATIONS = YES;
				CLANG_WARN_DIRECT_OBJC_ISA_USAGE = YES_ERROR;
				CLANG_WARN_DOCUMENTATION_COMMENTS = YES;
				CLANG_WARN_EMPTY_BODY = YES;
				CLANG_WARN_ENUM_CONVERSION = YES;
				CLANG_WARN_INFINITE_RECURSION = YES;
				CLANG_WARN_INT_CONVERSION = YES;
				CLANG_WARN_NON_LITERAL_NULL_CONVERSION = YES;
				CLANG_WARN_OBJC_IMPLICIT_RETAIN_SELF = YES;
				CLANG_WARN_OBJC_LITERAL_CONVERSION = YES;
				CLANG_WARN_OBJC_ROOT_CLASS = YES_ERROR;
				CLANG_WARN_RANGE_LOOP_ANALYSIS = YES;
				CLANG_WARN_STRICT_PROTOTYPES = YES;
				CLANG_WARN_SUSPICIOUS_MOVE = YES;
				CLANG_WARN_UNGUARDED_AVAILABILITY = YES_AGGRESSIVE;
				CLANG_WARN_UNREACHABLE_CODE = YES;
				CLANG_WARN__DUPLICATE_METHOD_MATCH = YES;
				COPY_PHASE_STRIP = NO;
				DEBUG_INFORMATION_FORMAT = "dwarf-with-dsym";
				ENABLE_NS_ASSERTIONS = NO;
				ENABLE_STRICT_OBJC_MSGSEND = YES;
				GCC_C_LANGUAGE_STANDARD = gnu11;
				GCC_NO_COMMON_BLOCKS = YES;
				GCC_WARN_64_TO_32_BIT_CONVERSION = YES;
				GCC_WARN_ABOUT_RETURN_TYPE = YES_ERROR;
				GCC_WARN_UNDECLARED_SELECTOR = YES;
				GCC_WARN_UNINITIALIZED_AUTOS = YES_AGGRESSIVE;
				GCC_WARN_UNUSED_FUNCTION = YES;
				GCC_WARN_UNUSED_VARIABLE = YES;
				MACOSX_DEPLOYMENT_TARGET = 10.15;
				MTL_ENABLE_DEBUG_INFO = NO;
				MTL_FAST_MATH = YES;
				SDKROOT = macosx;
			};
			name = Release;
		};
		8982EB2C2484F82200BCB558 /* Debug */ = {
			isa = XCBuildConfiguration;
			buildSettings = {
				CODE_SIGN_STYLE = Automatic;
				PRODUCT_NAME = "$(TARGET_NAME)";
				SYSTEM_FRAMEWORK_SEARCH_PATHS = (
					"$(inherited)",
					"$(SYSTEM_LIBRARY_DIR)/PrivateFrameworks",
					"$(SDKROOT)$(SYSTEM_LIBRARY_DIR)/PrivateFrameworks",
				);
			};
			name = Debug;
		};
		8982EB2D2484F82200BCB558 /* Release */ = {
			isa = XCBuildConfiguration;
			buildSettings = {
				CODE_SIGN_STYLE = Automatic;
				PRODUCT_NAME = "$(TARGET_NAME)";
				SYSTEM_FRAMEWORK_SEARCH_PATHS = (
					"$(inherited)",
					"$(SYSTEM_LIBRARY_DIR)/PrivateFrameworks",
					"$(SDKROOT)$(SYSTEM_LIBRARY_DIR)/PrivateFrameworks",
				);
			};
			name = Release;
		};
/* End XCBuildConfiguration section */

/* Begin XCConfigurationList section */
		8982EB1F2484F82200BCB558 /* Build configuration list for PBXProject "CARExtractor" */ = {
			isa = XCConfigurationList;
			buildConfigurations = (
				8982EB292484F82200BCB558 /* Debug */,
				8982EB2A2484F82200BCB558 /* Release */,
			);
			defaultConfigurationIsVisible = 0;
			defaultConfigurationName = Release;
		};
		8982EB2B2484F82200BCB558 /* Build configuration list for PBXNativeTarget "CARExtractor" */ = {
			isa = XCConfigurationList;
			buildConfigurations = (
				8982EB2C2484F82200BCB558 /* Debug */,
				8982EB2D2484F82200BCB558 /* Release */,
			);
			defaultConfigurationIsVisible = 0;
			defaultConfigurationName = Release;
		};
/* End XCConfigurationList section */
	};
	rootObject = 8982EB1C2484F82200BCB558 /* Project object */;
}
